
Microsoft Visual Studio Solution File, Format Version 12.00
# Visual Studio Version 17
VisualStudioVersion = 17.9.34616.47
MinimumVisualStudioVersion = 10.0.40219.1
Project("{FAE04EC0-301F-11D3-BF4B-00C04F79EFBC}") = "SummaSQLGame", "SummaSQLGame\SummaSQLGame.csproj", "{88280281-FF4A-4F08-905B-98A95B6550FF}"
EndProject
Project("{FAE04EC0-301F-11D3-BF4B-00C04F79EFBC}") = "SummaSQLGameTests", "SummaSQLGameTests\SummaSQLGameTests.csproj", "{57B0F24D-B029-4764-831F-678715973DDE}"
EndProject
Global
	GlobalSection(SolutionConfigurationPlatforms) = preSolution
		Debug|Any CPU = Debug|Any CPU
		Release|Any CPU = Release|Any CPU
	EndGlobalSection
	GlobalSection(ProjectConfigurationPlatforms) = postSolution
		{88280281-FF4A-4F08-905B-98A95B6550FF}.Debug|Any CPU.ActiveCfg = Debug|Any CPU
		{88280281-FF4A-4F08-905B-98A95B6550FF}.Debug|Any CPU.Build.0 = Debug|Any CPU
		{88280281-FF4A-4F08-905B-98A95B6550FF}.Release|Any CPU.ActiveCfg = Release|Any CPU
		{88280281-FF4A-4F08-905B-98A95B6550FF}.Release|Any CPU.Build.0 = Release|Any CPU
		{57B0F24D-B029-4764-831F-678715973DDE}.Debug|Any CPU.ActiveCfg = Debug|Any CPU
		{57B0F24D-B029-4764-831F-678715973DDE}.Debug|Any CPU.Build.0 = Debug|Any CPU
		{57B0F24D-B029-4764-831F-678715973DDE}.Release|Any CPU.ActiveCfg = Release|Any CPU
		{57B0F24D-B029-4764-831F-678715973DDE}.Release|Any CPU.Build.0 = Release|Any CPU
	EndGlobalSection
	GlobalSection(SolutionProperties) = preSolution
		HideSolutionNode = FALSE
	EndGlobalSection
	GlobalSection(ExtensibilityGlobals) = postSolution
		SolutionGuid = {F0583658-964B-4AF8-B380-C2B961B43008}
	EndGlobalSection
EndGlobal
